
Microsoft Visual Studio Solution File, Format Version 12.00
# Visual Studio Version 16
VisualStudioVersion = 16.0.29613.14
MinimumVisualStudioVersion = 10.0.40219.1
Project("{FAE04EC0-301F-11D3-BF4B-00C04F79EFBC}") = "Bank", "Bank.csproj", "{6C2513A9-292C-486B-A362-323A61069F54}"
EndProject
Global
	GlobalSection(SolutionConfigurationPlatforms) = preSolution
		Debug|Any CPU = Debug|Any CPU
		Release|Any CPU = Release|Any CPU
	EndGlobalSection
	GlobalSection(ProjectConfigurationPlatforms) = postSolution
		{6C2513A9-292C-486B-A362-323A61069F54}.Debug|Any CPU.ActiveCfg = Debug|Any CPU
		{6C2513A9-292C-486B-A362-323A61069F54}.Debug|Any CPU.Build.0 = Debug|Any CPU
		{6C2513A9-292C-486B-A362-323A61069F54}.Release|Any CPU.ActiveCfg = Release|Any CPU
		{6C2513A9-292C-486B-A362-323A61069F54}.Release|Any CPU.Build.0 = Release|Any CPU
	EndGlobalSection
	GlobalSection(SolutionProperties) = preSolution
		HideSolutionNode = FALSE
	EndGlobalSection
	GlobalSection(ExtensibilityGlobals) = postSolution
		SolutionGuid = {B7C3F7CB-5F9D-42CD-8C69-F16BE8F27E29}
	EndGlobalSection
EndGlobal
